{
  "name": "HT_11",
  "version": "1.0.0",
  "lockfileVersion": 1,
  "requires": true,
  "dependencies": {
    "material-icons": {
      "version": "0.7.4",
      "resolved": "https://registry.npmjs.org/material-icons/-/material-icons-0.7.4.tgz",
      "integrity": "sha512-ozoSJca1YMV+hLg1cL85j8C3EDs0LGjM+QENgtVM4Y1+I5SCy5A+i76P6EESXbFsylI+ZRODTWKii1UyHfpPAQ=="
    }
  }
}
